
Microsoft Visual Studio Solution File, Format Version 11.00
# Visual Studio 2010
Project("{FAE04EC0-301F-11D3-BF4B-00C04F79EFBC}") = "UnityEngine.UI", "UnityEngine.UI.csproj", "{5a4d4c25-2455-6eed-c21a-317289e3bc8a}"
EndProject
Project("{FAE04EC0-301F-11D3-BF4B-00C04F79EFBC}") = "Unity.RenderPipelines.Core.Runtime", "Unity.RenderPipelines.Core.Runtime.csproj", "{3f2f687d-788c-0ef5-4f13-50758490ce62}"
EndProject
Project("{FAE04EC0-301F-11D3-BF4B-00C04F79EFBC}") = "UnityEngine.TestRunner", "UnityEngine.TestRunner.csproj", "{ccbdee1f-3a0d-38bc-bd02-abd4151a89b2}"
EndProject
Project("{FAE04EC0-301F-11D3-BF4B-00C04F79EFBC}") = "Unity.VisualScripting.Flow", "Unity.VisualScripting.Flow.csproj", "{df49689d-8407-1987-102a-4f1d55ba8d7a}"
EndProject
Project("{FAE04EC0-301F-11D3-BF4B-00C04F79EFBC}") = "Unity.Mathematics", "Unity.Mathematics.csproj", "{c17c7248-59b1-3e0c-3934-904bb4684249}"
EndProject
Project("{FAE04EC0-301F-11D3-BF4B-00C04F79EFBC}") = "Unity.Services.Core.Telemetry", "Unity.Services.Core.Telemetry.csproj", "{22b1d750-f060-d05a-dab4-5762d3297f61}"
EndProject
Project("{FAE04EC0-301F-11D3-BF4B-00C04F79EFBC}") = "Unity.VisualScripting.State", "Unity.VisualScripting.State.csproj", "{773859b0-4f32-f271-2d6f-7bf63efbbc5e}"
EndProject
Project("{FAE04EC0-301F-11D3-BF4B-00C04F79EFBC}") = "Unity.VisualScripting.Core", "Unity.VisualScripting.Core.csproj", "{ec17f26b-2a26-f254-8dae-c4e97634cf9c}"
EndProject
Project("{FAE04EC0-301F-11D3-BF4B-00C04F79EFBC}") = "Unity.RenderPipelines.Universal.Runtime", "Unity.RenderPipelines.Universal.Runtime.csproj", "{26f53b2d-e43a-2c8f-7f6c-19256bc2c81a}"
EndProject
Project("{FAE04EC0-301F-11D3-BF4B-00C04F79EFBC}") = "Unity.Services.Core.Environments.Internal", "Unity.Services.Core.Environments.Internal.csproj", "{b3075bb7-d1ed-b50d-1fdb-db8001a2ef38}"
EndProject
Project("{FAE04EC0-301F-11D3-BF4B-00C04F79EFBC}") = "Unity.Burst", "Unity.Burst.csproj", "{2b2fa689-8e89-cdaf-84d3-0fd3b59b6c5c}"
EndProject
Project("{FAE04EC0-301F-11D3-BF4B-00C04F79EFBC}") = "Unity.TextMeshPro", "Unity.TextMeshPro.csproj", "{13935fb1-adb4-6989-b123-d44e90c7e107}"
EndProject
Project("{FAE04EC0-301F-11D3-BF4B-00C04F79EFBC}") = "Unity.Timeline", "Unity.Timeline.csproj", "{9b7bd3b6-f269-d22a-9baf-8d859bd9b1f9}"
EndProject
Project("{FAE04EC0-301F-11D3-BF4B-00C04F79EFBC}") = "Unity.Services.Core", "Unity.Services.Core.csproj", "{62185f2f-bc48-1629-512e-c04b4edb27a7}"
EndProject
Project("{FAE04EC0-301F-11D3-BF4B-00C04F79EFBC}") = "Unity.RenderPipeline.Universal.ShaderLibrary", "Unity.RenderPipeline.Universal.ShaderLibrary.csproj", "{9c61b809-7425-874a-6b85-7dc6e0615d7c}"
EndProject
Project("{FAE04EC0-301F-11D3-BF4B-00C04F79EFBC}") = "Unity.Services.Core.Environments", "Unity.Services.Core.Environments.csproj", "{922445a3-9669-27f6-a02b-ba0554b63adf}"
EndProject
Project("{FAE04EC0-301F-11D3-BF4B-00C04F79EFBC}") = "Unity.Services.Core.Internal", "Unity.Services.Core.Internal.csproj", "{a42073da-b0e6-3997-f823-3df2aa9fd112}"
EndProject
Project("{FAE04EC0-301F-11D3-BF4B-00C04F79EFBC}") = "Unity.Services.Core.Analytics", "Unity.Services.Core.Analytics.csproj", "{8849237c-2e9d-062d-ac65-f1fae38717df}"
EndProject
Project("{FAE04EC0-301F-11D3-BF4B-00C04F79EFBC}") = "Unity.Services.Core.Scheduler", "Unity.Services.Core.Scheduler.csproj", "{116adbd6-ce6d-5dbf-0b63-019f29c806a3}"
EndProject
Project("{FAE04EC0-301F-11D3-BF4B-00C04F79EFBC}") = "Unity.Services.Core.Registration", "Unity.Services.Core.Registration.csproj", "{1e0ef9d4-6f01-ac96-9c22-8be4a6032e76}"
EndProject
Project("{FAE04EC0-301F-11D3-BF4B-00C04F79EFBC}") = "Assembly-CSharp", "Assembly-CSharp.csproj", "{7c5b3b8b-d177-f483-320a-f768468ac9cc}"
EndProject
Project("{FAE04EC0-301F-11D3-BF4B-00C04F79EFBC}") = "Unity.Services.Core.Device", "Unity.Services.Core.Device.csproj", "{b57f19a8-4173-9f87-16ba-13acd1bd2f79}"
EndProject
Project("{FAE04EC0-301F-11D3-BF4B-00C04F79EFBC}") = "Unity.Services.Core.Threading", "Unity.Services.Core.Threading.csproj", "{b7bf61d0-9759-3273-deb8-c475afcb8442}"
EndProject
Project("{FAE04EC0-301F-11D3-BF4B-00C04F79EFBC}") = "Unity.Services.Core.Networking", "Unity.Services.Core.Networking.csproj", "{4dae14b6-0656-7962-3a0d-925298bfdcfe}"
EndProject
Project("{FAE04EC0-301F-11D3-BF4B-00C04F79EFBC}") = "Unity.RenderPipelines.Core.ShaderLibrary", "Unity.RenderPipelines.Core.ShaderLibrary.csproj", "{c2272783-9702-05d5-043e-d78b8896947a}"
EndProject
Project("{FAE04EC0-301F-11D3-BF4B-00C04F79EFBC}") = "Unity.Services.Core.Configuration", "Unity.Services.Core.Configuration.csproj", "{a411bd9e-338b-d29b-101b-b593e6f01d97}"
EndProject
Project("{FAE04EC0-301F-11D3-BF4B-00C04F79EFBC}") = "Unity.RenderPipelines.Universal.Shaders", "Unity.RenderPipelines.Universal.Shaders.csproj", "{50949c3b-9d53-704a-cfa2-f819b28f9951}"
EndProject
Project("{FAE04EC0-301F-11D3-BF4B-00C04F79EFBC}") = "Unity.RenderPipelines.ShaderGraph.ShaderGraphLibrary", "Unity.RenderPipelines.ShaderGraph.ShaderGraphLibrary.csproj", "{5ddd6af5-535b-d265-ca5e-4bad13ffde9e}"
EndProject
Project("{FAE04EC0-301F-11D3-BF4B-00C04F79EFBC}") = "Unity.PlasticSCM.Editor", "Unity.PlasticSCM.Editor.csproj", "{92ad9727-afcd-737d-dfaf-3272bfbc1a2a}"
EndProject
Project("{FAE04EC0-301F-11D3-BF4B-00C04F79EFBC}") = "Unity.VisualScripting.Core.Editor", "Unity.VisualScripting.Core.Editor.csproj", "{d4f611a1-e843-867e-ba23-d1a461d8803e}"
EndProject
Project("{FAE04EC0-301F-11D3-BF4B-00C04F79EFBC}") = "Unity.VisualScripting.Flow.Editor", "Unity.VisualScripting.Flow.Editor.csproj", "{da621161-b4c9-c632-5309-6061d8b03698}"
EndProject
Project("{FAE04EC0-301F-11D3-BF4B-00C04F79EFBC}") = "Unity.ShaderGraph.Editor", "Unity.ShaderGraph.Editor.csproj", "{0fae21ff-6eb2-0734-6da1-c7d9278e629c}"
EndProject
Project("{FAE04EC0-301F-11D3-BF4B-00C04F79EFBC}") = "Unity.VisualStudio.Editor", "Unity.VisualStudio.Editor.csproj", "{c6f5aeef-66e3-4407-3039-d8ed0b0fe9a8}"
EndProject
Project("{FAE04EC0-301F-11D3-BF4B-00C04F79EFBC}") = "Unity.Timeline.Editor", "Unity.Timeline.Editor.csproj", "{54478786-453b-d3c5-22b0-4c6b0c1caeab}"
EndProject
Project("{FAE04EC0-301F-11D3-BF4B-00C04F79EFBC}") = "Unity.RenderPipelines.Universal.Editor", "Unity.RenderPipelines.Universal.Editor.csproj", "{72e9afa6-c6f0-a127-ac2b-9ad93e08ed71}"
EndProject
Project("{FAE04EC0-301F-11D3-BF4B-00C04F79EFBC}") = "Unity.VisualScripting.State.Editor", "Unity.VisualScripting.State.Editor.csproj", "{229aaaaa-04a8-ae3c-8bba-294127cba580}"
EndProject
Project("{FAE04EC0-301F-11D3-BF4B-00C04F79EFBC}") = "Unity.TextMeshPro.Editor", "Unity.TextMeshPro.Editor.csproj", "{dea4fd9b-2f6d-5965-ec0e-a5dcb3fa68ed}"
EndProject
Project("{FAE04EC0-301F-11D3-BF4B-00C04F79EFBC}") = "Unity.RenderPipelines.Core.Editor", "Unity.RenderPipelines.Core.Editor.csproj", "{e01220c1-30d9-20a7-29dc-47f0facc0928}"
EndProject
Project("{FAE04EC0-301F-11D3-BF4B-00C04F79EFBC}") = "Unity.VisualScripting.SettingsProvider.Editor", "Unity.VisualScripting.SettingsProvider.Editor.csproj", "{cde1ee11-2ed0-9a0b-b559-85286687cae5}"
EndProject
Project("{FAE04EC0-301F-11D3-BF4B-00C04F79EFBC}") = "Unity.CollabProxy.Editor", "Unity.CollabProxy.Editor.csproj", "{f3059101-fb2b-df59-e7c5-52d6878b05d3}"
EndProject
Project("{FAE04EC0-301F-11D3-BF4B-00C04F79EFBC}") = "UnityEditor.TestRunner", "UnityEditor.TestRunner.csproj", "{2bd42394-b49b-f63d-4603-22f38a783fd4}"
EndProject
Project("{FAE04EC0-301F-11D3-BF4B-00C04F79EFBC}") = "Unity.Services.Core.Editor", "Unity.Services.Core.Editor.csproj", "{668c323f-6baf-e159-ba39-837b0f87ff5a}"
EndProject
Project("{FAE04EC0-301F-11D3-BF4B-00C04F79EFBC}") = "Unity.TestTools.CodeCoverage.Editor", "Unity.TestTools.CodeCoverage.Editor.csproj", "{5c699367-db48-206f-9091-52f81950b364}"
EndProject
Project("{FAE04EC0-301F-11D3-BF4B-00C04F79EFBC}") = "Unity.Rider.Editor", "Unity.Rider.Editor.csproj", "{cc96a465-1132-29ef-225c-5e3d930cebd1}"
EndProject
Project("{FAE04EC0-301F-11D3-BF4B-00C04F79EFBC}") = "Unity.Performance.Profile-Analyzer.Editor", "Unity.Performance.Profile-Analyzer.Editor.csproj", "{1a2b7537-0a7f-d3b1-d511-d8839ad3e1be}"
EndProject
Project("{FAE04EC0-301F-11D3-BF4B-00C04F79EFBC}") = "Unity.Searcher.Editor", "Unity.Searcher.Editor.csproj", "{baf416b9-856e-9c29-0df2-f60af9c8c5af}"
EndProject
Project("{FAE04EC0-301F-11D3-BF4B-00C04F79EFBC}") = "Unity.Burst.CodeGen", "Unity.Burst.CodeGen.csproj", "{f21597ce-59cf-6199-3e5b-0c21cc5be842}"
EndProject
Project("{FAE04EC0-301F-11D3-BF4B-00C04F79EFBC}") = "Unity.VSCode.Editor", "Unity.VSCode.Editor.csproj", "{fec75b33-af51-22f8-910c-ec8025d3b14d}"
EndProject
Project("{FAE04EC0-301F-11D3-BF4B-00C04F79EFBC}") = "Unity.2D.Sprite.Editor", "Unity.2D.Sprite.Editor.csproj", "{6bdeeb56-e408-8095-8383-1bfa1fcbe9f8}"
EndProject
Project("{FAE04EC0-301F-11D3-BF4B-00C04F79EFBC}") = "UnityEditor.UI", "UnityEditor.UI.csproj", "{dfc29b55-ab15-ebdf-1bf4-934a20906a83}"
EndProject
Project("{FAE04EC0-301F-11D3-BF4B-00C04F79EFBC}") = "Unity.TestTools.CodeCoverage.Editor.OpenCover.Model", "Unity.TestTools.CodeCoverage.Editor.OpenCover.Model.csproj", "{aea9603d-d0a9-84a7-f896-5ef27e2c36e6}"
EndProject
Project("{FAE04EC0-301F-11D3-BF4B-00C04F79EFBC}") = "Unity.EditorCoroutines.Editor", "Unity.EditorCoroutines.Editor.csproj", "{2e243c41-d5d5-cb40-5374-171640657178}"
EndProject
Project("{FAE04EC0-301F-11D3-BF4B-00C04F79EFBC}") = "Unity.Settings.Editor", "Unity.Settings.Editor.csproj", "{87bdc6b0-fa79-7c1f-9127-0f49d1023a2d}"
EndProject
Project("{FAE04EC0-301F-11D3-BF4B-00C04F79EFBC}") = "PPv2URPConverters", "PPv2URPConverters.csproj", "{679a3681-4da5-04bb-7e52-71c2f5ec887f}"
EndProject
Project("{FAE04EC0-301F-11D3-BF4B-00C04F79EFBC}") = "Unity.Mathematics.Editor", "Unity.Mathematics.Editor.csproj", "{5a1a4efc-e49a-f401-e64d-7ecdc5692d6a}"
EndProject
Project("{FAE04EC0-301F-11D3-BF4B-00C04F79EFBC}") = "Unity.Services.Core.Configuration.Editor", "Unity.Services.Core.Configuration.Editor.csproj", "{2a179bdd-a692-fe3b-79e5-f3cce4ce8726}"
EndProject
Project("{FAE04EC0-301F-11D3-BF4B-00C04F79EFBC}") = "Unity.Burst.Editor", "Unity.Burst.Editor.csproj", "{de806218-e8a6-1719-b1b7-80d386312800}"
EndProject
Project("{FAE04EC0-301F-11D3-BF4B-00C04F79EFBC}") = "Unity.Play.Publisher.Editor", "Unity.Play.Publisher.Editor.csproj", "{54fce2ee-7e3e-adbb-4885-6e065ea8ad5f}"
EndProject
Project("{FAE04EC0-301F-11D3-BF4B-00C04F79EFBC}") = "Unity.InternalAPIEditorBridgeDev.001", "Unity.InternalAPIEditorBridgeDev.001.csproj", "{39fd78cd-ee62-7932-c446-b9152437fecf}"
EndProject
Project("{FAE04EC0-301F-11D3-BF4B-00C04F79EFBC}") = "Unity.ShaderGraph.Utilities", "Unity.ShaderGraph.Utilities.csproj", "{dc9b55cc-884c-0d0a-fda4-85a1439472da}"
EndProject
Project("{FAE04EC0-301F-11D3-BF4B-00C04F79EFBC}") = "Unity.TestTools.CodeCoverage.Editor.OpenCover.Mono.Reflection", "Unity.TestTools.CodeCoverage.Editor.OpenCover.Mono.Reflection.csproj", "{3f79dc01-6615-0c8a-ab32-8ffb80890496}"
EndProject
Project("{FAE04EC0-301F-11D3-BF4B-00C04F79EFBC}") = "Unity.VisualScripting.Shared.Editor", "Unity.VisualScripting.Shared.Editor.csproj", "{e4ed3df2-7fc3-55e8-90ad-4855def5393e}"
EndProject
Project("{FAE04EC0-301F-11D3-BF4B-00C04F79EFBC}") = "UnityEngine.UI", "UnityEngine.UI.Player.csproj", "{aa78cdce-de64-1043-9210-5a43676db4f6}"
EndProject
Project("{FAE04EC0-301F-11D3-BF4B-00C04F79EFBC}") = "Unity.RenderPipelines.Core.Runtime", "Unity.RenderPipelines.Core.Runtime.Player.csproj", "{34ceb92c-56ea-657b-090d-5fd6c1dad48e}"
EndProject
Project("{FAE04EC0-301F-11D3-BF4B-00C04F79EFBC}") = "UnityEngine.TestRunner", "UnityEngine.TestRunner.Player.csproj", "{5cc4b38a-3268-7967-7d52-8d618d5f53f2}"
EndProject
Project("{FAE04EC0-301F-11D3-BF4B-00C04F79EFBC}") = "Unity.VisualScripting.Flow", "Unity.VisualScripting.Flow.Player.csproj", "{527c333e-8ecf-b626-2e51-3616df0b314e}"
EndProject
Project("{FAE04EC0-301F-11D3-BF4B-00C04F79EFBC}") = "Unity.Mathematics", "Unity.Mathematics.Player.csproj", "{bd2e0916-c9e4-3447-2da6-68e1b787b267}"
EndProject
Project("{FAE04EC0-301F-11D3-BF4B-00C04F79EFBC}") = "Unity.Services.Core.Telemetry", "Unity.Services.Core.Telemetry.Player.csproj", "{c2fd3671-55b5-5777-1686-d8104861bf78}"
EndProject
Project("{FAE04EC0-301F-11D3-BF4B-00C04F79EFBC}") = "Unity.VisualScripting.State", "Unity.VisualScripting.State.Player.csproj", "{8f4b0894-c759-250c-608b-b5fe1b134e0a}"
EndProject
Project("{FAE04EC0-301F-11D3-BF4B-00C04F79EFBC}") = "Unity.VisualScripting.Core", "Unity.VisualScripting.Core.Player.csproj", "{4b4ad54e-28e2-1982-a150-bf77c408c33b}"
EndProject
Project("{FAE04EC0-301F-11D3-BF4B-00C04F79EFBC}") = "Unity.RenderPipelines.Universal.Runtime", "Unity.RenderPipelines.Universal.Runtime.Player.csproj", "{a4a3d390-02f1-f929-7c5a-5a6a9832311b}"
EndProject
Project("{FAE04EC0-301F-11D3-BF4B-00C04F79EFBC}") = "Unity.Services.Core.Environments.Internal", "Unity.Services.Core.Environments.Internal.Player.csproj", "{ed234327-48c1-a763-5aa0-50601e4f32d6}"
EndProject
Project("{FAE04EC0-301F-11D3-BF4B-00C04F79EFBC}") = "Unity.Burst", "Unity.Burst.Player.csproj", "{e8b9b4b7-426f-888d-6cba-1624c05706c5}"
EndProject
Project("{FAE04EC0-301F-11D3-BF4B-00C04F79EFBC}") = "Unity.TextMeshPro", "Unity.TextMeshPro.Player.csproj", "{791dc1cd-2789-19d9-331f-e1a4ccaa94eb}"
EndProject
Project("{FAE04EC0-301F-11D3-BF4B-00C04F79EFBC}") = "Unity.Timeline", "Unity.Timeline.Player.csproj", "{7d5c1794-944f-1d33-3336-8904c7e9992b}"
EndProject
Project("{FAE04EC0-301F-11D3-BF4B-00C04F79EFBC}") = "Unity.Services.Core", "Unity.Services.Core.Player.csproj", "{bfa55543-5af2-3a93-891d-39192793f4b9}"
EndProject
Project("{FAE04EC0-301F-11D3-BF4B-00C04F79EFBC}") = "Unity.RenderPipeline.Universal.ShaderLibrary", "Unity.RenderPipeline.Universal.ShaderLibrary.Player.csproj", "{6e8faee4-487b-b685-d0df-67e0517bda19}"
EndProject
Project("{FAE04EC0-301F-11D3-BF4B-00C04F79EFBC}") = "Unity.Services.Core.Environments", "Unity.Services.Core.Environments.Player.csproj", "{172af031-0031-cfef-db93-1c59445d0a50}"
EndProject
Project("{FAE04EC0-301F-11D3-BF4B-00C04F79EFBC}") = "Unity.Services.Core.Internal", "Unity.Services.Core.Internal.Player.csproj", "{73b645e3-d2e6-8401-ee8e-b5ecfc4dd28f}"
EndProject
Project("{FAE04EC0-301F-11D3-BF4B-00C04F79EFBC}") = "Unity.Services.Core.Analytics", "Unity.Services.Core.Analytics.Player.csproj", "{123f49e8-f5b1-859e-45d8-307072b3bcf6}"
EndProject
Project("{FAE04EC0-301F-11D3-BF4B-00C04F79EFBC}") = "Unity.Services.Core.Scheduler", "Unity.Services.Core.Scheduler.Player.csproj", "{72392b6b-9dcd-fe79-f28d-345e504d945c}"
EndProject
Project("{FAE04EC0-301F-11D3-BF4B-00C04F79EFBC}") = "Unity.Services.Core.Registration", "Unity.Services.Core.Registration.Player.csproj", "{c3e96e34-1d6a-3c74-5daa-20036e2dffe9}"
EndProject
Project("{FAE04EC0-301F-11D3-BF4B-00C04F79EFBC}") = "Assembly-CSharp", "Assembly-CSharp.Player.csproj", "{232168e3-ecbd-8dc8-cc1c-1f8af0184e6e}"
EndProject
Project("{FAE04EC0-301F-11D3-BF4B-00C04F79EFBC}") = "Unity.Services.Core.Device", "Unity.Services.Core.Device.Player.csproj", "{19f377c3-c9fd-de97-f489-6a7d8e43ac50}"
EndProject
Project("{FAE04EC0-301F-11D3-BF4B-00C04F79EFBC}") = "Unity.Services.Core.Threading", "Unity.Services.Core.Threading.Player.csproj", "{7a2c8c6a-b502-9251-27ab-2bd27bd8eaab}"
EndProject
Project("{FAE04EC0-301F-11D3-BF4B-00C04F79EFBC}") = "Unity.Services.Core.Networking", "Unity.Services.Core.Networking.Player.csproj", "{c554dd5a-1b81-d841-793f-a3f118b257aa}"
EndProject
Project("{FAE04EC0-301F-11D3-BF4B-00C04F79EFBC}") = "Unity.RenderPipelines.Core.ShaderLibrary", "Unity.RenderPipelines.Core.ShaderLibrary.Player.csproj", "{848253c1-f1d0-3835-50ee-83c4ccaa329a}"
EndProject
Project("{FAE04EC0-301F-11D3-BF4B-00C04F79EFBC}") = "Unity.Services.Core.Configuration", "Unity.Services.Core.Configuration.Player.csproj", "{3e6538f5-c5fb-cb78-1513-4245f51df0f9}"
EndProject
Project("{FAE04EC0-301F-11D3-BF4B-00C04F79EFBC}") = "Unity.RenderPipelines.Universal.Shaders", "Unity.RenderPipelines.Universal.Shaders.Player.csproj", "{a3bb74c6-a2c2-139f-f9c0-ccabd1f2355a}"
EndProject
Project("{FAE04EC0-301F-11D3-BF4B-00C04F79EFBC}") = "Unity.RenderPipelines.ShaderGraph.ShaderGraphLibrary", "Unity.RenderPipelines.ShaderGraph.ShaderGraphLibrary.Player.csproj", "{04c06301-a0c9-1e0a-7b5b-558706188057}"
EndProject
Project("{FAE04EC0-301F-11D3-BF4B-00C04F79EFBC}") = "Unity.Mathematics.Tests", "Unity.Mathematics.Tests.csproj", "{7e4a34a1-d50d-5bbe-8db7-83f60ef3d398}"
EndProject
Project("{FAE04EC0-301F-11D3-BF4B-00C04F79EFBC}") = "Unity.2D.Sprite.Package.EditorTests", "Unity.2D.Sprite.Package.EditorTests.csproj", "{bb023de8-a8f1-6206-837d-b0e79d5ac6c1}"
EndProject
Project("{FAE04EC0-301F-11D3-BF4B-00C04F79EFBC}") = "Unity.Burst.Tests.UnitTests", "Unity.Burst.Tests.UnitTests.csproj", "{4e9eae5d-9410-eb2d-a8f0-1a559766062d}"
EndProject
Project("{FAE04EC0-301F-11D3-BF4B-00C04F79EFBC}") = "Unity.PlasticSCM.EditorTests", "Unity.PlasticSCM.EditorTests.csproj", "{7ee0c165-791a-76cd-750c-6696a24bde79}"
EndProject
Project("{FAE04EC0-301F-11D3-BF4B-00C04F79EFBC}") = "Unity.Searcher.EditorTests", "Unity.Searcher.EditorTests.csproj", "{47b9b7d6-b238-7a4a-7687-88e18dd0578b}"
EndProject
Project("{FAE04EC0-301F-11D3-BF4B-00C04F79EFBC}") = "Unity.Burst.Editor.Tests", "Unity.Burst.Editor.Tests.csproj", "{ef4d83b2-0250-cbb2-48d4-73a4169e9fa8}"
EndProject
Project("{FAE04EC0-301F-11D3-BF4B-00C04F79EFBC}") = "Unity.TestTools.CodeCoverage.Editor.Compatibility", "Unity.TestTools.CodeCoverage.Editor.Compatibility.csproj", "{9084e9ec-e79c-c723-0d9a-88648c766929}"
EndProject
Project("{FAE04EC0-301F-11D3-BF4B-00C04F79EFBC}") = "Unity.TextMeshPro.Editor.Tests", "Unity.TextMeshPro.Editor.Tests.csproj", "{839f24e4-0654-a44c-947e-a37c264e8a11}"
EndProject
Project("{FAE04EC0-301F-11D3-BF4B-00C04F79EFBC}") = "DocCodeExamples", "DocCodeExamples.csproj", "{3bdd5394-4d89-c7fe-3739-faf3357eb007}"
EndProject
Project("{FAE04EC0-301F-11D3-BF4B-00C04F79EFBC}") = "Unity.RenderPipelines.Universal.Editor.Tests", "Unity.RenderPipelines.Universal.Editor.Tests.csproj", "{18d1e4b9-5e04-890b-761e-457e1de12050}"
EndProject
Project("{FAE04EC0-301F-11D3-BF4B-00C04F79EFBC}") = "Unity.Performance.Profile-Analyzer.EditorTests", "Unity.Performance.Profile-Analyzer.EditorTests.csproj", "{bea77236-915a-dd08-77a5-20d63ae8cdc6}"
EndProject
Project("{FAE04EC0-301F-11D3-BF4B-00C04F79EFBC}") = "Unity.CollabProxy.EditorTests", "Unity.CollabProxy.EditorTests.csproj", "{99c2e0f8-8dc4-187a-0207-8e5716930d4c}"
EndProject
Project("{FAE04EC0-301F-11D3-BF4B-00C04F79EFBC}") = "Unity.Settings.Tests", "Unity.Settings.Tests.csproj", "{eb781bbd-78c5-d1ea-0adc-4e24cec59472}"
EndProject
Project("{FAE04EC0-301F-11D3-BF4B-00C04F79EFBC}") = "UnityEngine.UI.Tests", "UnityEngine.UI.Tests.csproj", "{823d91b0-b001-5069-1f79-a8b081633bee}"
EndProject
Project("{FAE04EC0-301F-11D3-BF4B-00C04F79EFBC}") = "Unity.TextMeshPro.Tests", "Unity.TextMeshPro.Tests.csproj", "{1d47f74a-c3e2-78fd-c3ee-8a5fc68b685b}"
EndProject
Project("{FAE04EC0-301F-11D3-BF4B-00C04F79EFBC}") = "SeparateAssembly", "SeparateAssembly.csproj", "{4f60ea2a-5110-5e10-708f-44e7452a2a20}"
EndProject
Project("{FAE04EC0-301F-11D3-BF4B-00C04F79EFBC}") = "UnityEditor.UI.EditorTests", "UnityEditor.UI.EditorTests.csproj", "{91488916-62f1-6de3-8029-ba2fd40f8a65}"
EndProject
Project("{FAE04EC0-301F-11D3-BF4B-00C04F79EFBC}") = "Unity.RenderPipelines.Universal.Runtime.Tests", "Unity.RenderPipelines.Universal.Runtime.Tests.csproj", "{97e21fed-4d25-b29a-eee8-e1545a994aa1}"
EndProject
Project("{FAE04EC0-301F-11D3-BF4B-00C04F79EFBC}") = "Unity.RenderPipelines.Core.Editor.Tests", "Unity.RenderPipelines.Core.Editor.Tests.csproj", "{b8402d08-67cf-9325-6e12-ab19f2590b9a}"
EndProject
Project("{FAE04EC0-301F-11D3-BF4B-00C04F79EFBC}") = "Unity.RenderPipelines.Core.Runtime.Tests", "Unity.RenderPipelines.Core.Runtime.Tests.csproj", "{bc9571ae-2b0a-eec0-b35d-91d8e88548f4}"
EndProject
Project("{FAE04EC0-301F-11D3-BF4B-00C04F79EFBC}") = "Unity.ShaderGraph.Editor.Tests", "Unity.ShaderGraph.Editor.Tests.csproj", "{c09a5384-2478-72a9-dd01-3e87d18637c8}"
EndProject
Project("{FAE04EC0-301F-11D3-BF4B-00C04F79EFBC}") = "Unity.Play.Publisher.Editor.Tests", "Unity.Play.Publisher.Editor.Tests.csproj", "{b9e43f24-3dda-e851-4e49-9ad96faf2db0}"
EndProject
Global
	GlobalSection(SolutionConfigurationPlatforms) = preSolution
		Debug|Any CPU = Debug|Any CPU
	EndGlobalSection
	GlobalSection(ProjectConfigurationPlatforms) = postSolution
		{5a4d4c25-2455-6eed-c21a-317289e3bc8a}.Debug|Any CPU.ActiveCfg = Debug|Any CPU
		{5a4d4c25-2455-6eed-c21a-317289e3bc8a}.Debug|Any CPU.Build.0 = Debug|Any CPU
		{3f2f687d-788c-0ef5-4f13-50758490ce62}.Debug|Any CPU.ActiveCfg = Debug|Any CPU
		{3f2f687d-788c-0ef5-4f13-50758490ce62}.Debug|Any CPU.Build.0 = Debug|Any CPU
		{ccbdee1f-3a0d-38bc-bd02-abd4151a89b2}.Debug|Any CPU.ActiveCfg = Debug|Any CPU
		{ccbdee1f-3a0d-38bc-bd02-abd4151a89b2}.Debug|Any CPU.Build.0 = Debug|Any CPU
		{df49689d-8407-1987-102a-4f1d55ba8d7a}.Debug|Any CPU.ActiveCfg = Debug|Any CPU
		{df49689d-8407-1987-102a-4f1d55ba8d7a}.Debug|Any CPU.Build.0 = Debug|Any CPU
		{c17c7248-59b1-3e0c-3934-904bb4684249}.Debug|Any CPU.ActiveCfg = Debug|Any CPU
		{c17c7248-59b1-3e0c-3934-904bb4684249}.Debug|Any CPU.Build.0 = Debug|Any CPU
		{22b1d750-f060-d05a-dab4-5762d3297f61}.Debug|Any CPU.ActiveCfg = Debug|Any CPU
		{22b1d750-f060-d05a-dab4-5762d3297f61}.Debug|Any CPU.Build.0 = Debug|Any CPU
		{773859b0-4f32-f271-2d6f-7bf63efbbc5e}.Debug|Any CPU.ActiveCfg = Debug|Any CPU
		{773859b0-4f32-f271-2d6f-7bf63efbbc5e}.Debug|Any CPU.Build.0 = Debug|Any CPU
		{ec17f26b-2a26-f254-8dae-c4e97634cf9c}.Debug|Any CPU.ActiveCfg = Debug|Any CPU
		{ec17f26b-2a26-f254-8dae-c4e97634cf9c}.Debug|Any CPU.Build.0 = Debug|Any CPU
		{26f53b2d-e43a-2c8f-7f6c-19256bc2c81a}.Debug|Any CPU.ActiveCfg = Debug|Any CPU
		{26f53b2d-e43a-2c8f-7f6c-19256bc2c81a}.Debug|Any CPU.Build.0 = Debug|Any CPU
		{b3075bb7-d1ed-b50d-1fdb-db8001a2ef38}.Debug|Any CPU.ActiveCfg = Debug|Any CPU
		{b3075bb7-d1ed-b50d-1fdb-db8001a2ef38}.Debug|Any CPU.Build.0 = Debug|Any CPU
		{2b2fa689-8e89-cdaf-84d3-0fd3b59b6c5c}.Debug|Any CPU.ActiveCfg = Debug|Any CPU
		{2b2fa689-8e89-cdaf-84d3-0fd3b59b6c5c}.Debug|Any CPU.Build.0 = Debug|Any CPU
		{13935fb1-adb4-6989-b123-d44e90c7e107}.Debug|Any CPU.ActiveCfg = Debug|Any CPU
		{13935fb1-adb4-6989-b123-d44e90c7e107}.Debug|Any CPU.Build.0 = Debug|Any CPU
		{9b7bd3b6-f269-d22a-9baf-8d859bd9b1f9}.Debug|Any CPU.ActiveCfg = Debug|Any CPU
		{9b7bd3b6-f269-d22a-9baf-8d859bd9b1f9}.Debug|Any CPU.Build.0 = Debug|Any CPU
		{62185f2f-bc48-1629-512e-c04b4edb27a7}.Debug|Any CPU.ActiveCfg = Debug|Any CPU
		{62185f2f-bc48-1629-512e-c04b4edb27a7}.Debug|Any CPU.Build.0 = Debug|Any CPU
		{9c61b809-7425-874a-6b85-7dc6e0615d7c}.Debug|Any CPU.ActiveCfg = Debug|Any CPU
		{9c61b809-7425-874a-6b85-7dc6e0615d7c}.Debug|Any CPU.Build.0 = Debug|Any CPU
		{922445a3-9669-27f6-a02b-ba0554b63adf}.Debug|Any CPU.ActiveCfg = Debug|Any CPU
		{922445a3-9669-27f6-a02b-ba0554b63adf}.Debug|Any CPU.Build.0 = Debug|Any CPU
		{a42073da-b0e6-3997-f823-3df2aa9fd112}.Debug|Any CPU.ActiveCfg = Debug|Any CPU
		{a42073da-b0e6-3997-f823-3df2aa9fd112}.Debug|Any CPU.Build.0 = Debug|Any CPU
		{8849237c-2e9d-062d-ac65-f1fae38717df}.Debug|Any CPU.ActiveCfg = Debug|Any CPU
		{8849237c-2e9d-062d-ac65-f1fae38717df}.Debug|Any CPU.Build.0 = Debug|Any CPU
		{116adbd6-ce6d-5dbf-0b63-019f29c806a3}.Debug|Any CPU.ActiveCfg = Debug|Any CPU
		{116adbd6-ce6d-5dbf-0b63-019f29c806a3}.Debug|Any CPU.Build.0 = Debug|Any CPU
		{1e0ef9d4-6f01-ac96-9c22-8be4a6032e76}.Debug|Any CPU.ActiveCfg = Debug|Any CPU
		{1e0ef9d4-6f01-ac96-9c22-8be4a6032e76}.Debug|Any CPU.Build.0 = Debug|Any CPU
		{7c5b3b8b-d177-f483-320a-f768468ac9cc}.Debug|Any CPU.ActiveCfg = Debug|Any CPU
		{7c5b3b8b-d177-f483-320a-f768468ac9cc}.Debug|Any CPU.Build.0 = Debug|Any CPU
		{b57f19a8-4173-9f87-16ba-13acd1bd2f79}.Debug|Any CPU.ActiveCfg = Debug|Any CPU
		{b57f19a8-4173-9f87-16ba-13acd1bd2f79}.Debug|Any CPU.Build.0 = Debug|Any CPU
		{b7bf61d0-9759-3273-deb8-c475afcb8442}.Debug|Any CPU.ActiveCfg = Debug|Any CPU
		{b7bf61d0-9759-3273-deb8-c475afcb8442}.Debug|Any CPU.Build.0 = Debug|Any CPU
		{4dae14b6-0656-7962-3a0d-925298bfdcfe}.Debug|Any CPU.ActiveCfg = Debug|Any CPU
		{4dae14b6-0656-7962-3a0d-925298bfdcfe}.Debug|Any CPU.Build.0 = Debug|Any CPU
		{c2272783-9702-05d5-043e-d78b8896947a}.Debug|Any CPU.ActiveCfg = Debug|Any CPU
		{c2272783-9702-05d5-043e-d78b8896947a}.Debug|Any CPU.Build.0 = Debug|Any CPU
		{a411bd9e-338b-d29b-101b-b593e6f01d97}.Debug|Any CPU.ActiveCfg = Debug|Any CPU
		{a411bd9e-338b-d29b-101b-b593e6f01d97}.Debug|Any CPU.Build.0 = Debug|Any CPU
		{50949c3b-9d53-704a-cfa2-f819b28f9951}.Debug|Any CPU.ActiveCfg = Debug|Any CPU
		{50949c3b-9d53-704a-cfa2-f819b28f9951}.Debug|Any CPU.Build.0 = Debug|Any CPU
		{5ddd6af5-535b-d265-ca5e-4bad13ffde9e}.Debug|Any CPU.ActiveCfg = Debug|Any CPU
		{5ddd6af5-535b-d265-ca5e-4bad13ffde9e}.Debug|Any CPU.Build.0 = Debug|Any CPU
		{92ad9727-afcd-737d-dfaf-3272bfbc1a2a}.Debug|Any CPU.ActiveCfg = Debug|Any CPU
		{92ad9727-afcd-737d-dfaf-3272bfbc1a2a}.Debug|Any CPU.Build.0 = Debug|Any CPU
		{d4f611a1-e843-867e-ba23-d1a461d8803e}.Debug|Any CPU.ActiveCfg = Debug|Any CPU
		{d4f611a1-e843-867e-ba23-d1a461d8803e}.Debug|Any CPU.Build.0 = Debug|Any CPU
		{da621161-b4c9-c632-5309-6061d8b03698}.Debug|Any CPU.ActiveCfg = Debug|Any CPU
		{da621161-b4c9-c632-5309-6061d8b03698}.Debug|Any CPU.Build.0 = Debug|Any CPU
		{0fae21ff-6eb2-0734-6da1-c7d9278e629c}.Debug|Any CPU.ActiveCfg = Debug|Any CPU
		{0fae21ff-6eb2-0734-6da1-c7d9278e629c}.Debug|Any CPU.Build.0 = Debug|Any CPU
		{c6f5aeef-66e3-4407-3039-d8ed0b0fe9a8}.Debug|Any CPU.ActiveCfg = Debug|Any CPU
		{c6f5aeef-66e3-4407-3039-d8ed0b0fe9a8}.Debug|Any CPU.Build.0 = Debug|Any CPU
		{54478786-453b-d3c5-22b0-4c6b0c1caeab}.Debug|Any CPU.ActiveCfg = Debug|Any CPU
		{54478786-453b-d3c5-22b0-4c6b0c1caeab}.Debug|Any CPU.Build.0 = Debug|Any CPU
		{72e9afa6-c6f0-a127-ac2b-9ad93e08ed71}.Debug|Any CPU.ActiveCfg = Debug|Any CPU
		{72e9afa6-c6f0-a127-ac2b-9ad93e08ed71}.Debug|Any CPU.Build.0 = Debug|Any CPU
		{229aaaaa-04a8-ae3c-8bba-294127cba580}.Debug|Any CPU.ActiveCfg = Debug|Any CPU
		{229aaaaa-04a8-ae3c-8bba-294127cba580}.Debug|Any CPU.Build.0 = Debug|Any CPU
		{dea4fd9b-2f6d-5965-ec0e-a5dcb3fa68ed}.Debug|Any CPU.ActiveCfg = Debug|Any CPU
		{dea4fd9b-2f6d-5965-ec0e-a5dcb3fa68ed}.Debug|Any CPU.Build.0 = Debug|Any CPU
		{e01220c1-30d9-20a7-29dc-47f0facc0928}.Debug|Any CPU.ActiveCfg = Debug|Any CPU
		{e01220c1-30d9-20a7-29dc-47f0facc0928}.Debug|Any CPU.Build.0 = Debug|Any CPU
		{cde1ee11-2ed0-9a0b-b559-85286687cae5}.Debug|Any CPU.ActiveCfg = Debug|Any CPU
		{cde1ee11-2ed0-9a0b-b559-85286687cae5}.Debug|Any CPU.Build.0 = Debug|Any CPU
		{f3059101-fb2b-df59-e7c5-52d6878b05d3}.Debug|Any CPU.ActiveCfg = Debug|Any CPU
		{f3059101-fb2b-df59-e7c5-52d6878b05d3}.Debug|Any CPU.Build.0 = Debug|Any CPU
		{2bd42394-b49b-f63d-4603-22f38a783fd4}.Debug|Any CPU.ActiveCfg = Debug|Any CPU
		{2bd42394-b49b-f63d-4603-22f38a783fd4}.Debug|Any CPU.Build.0 = Debug|Any CPU
		{668c323f-6baf-e159-ba39-837b0f87ff5a}.Debug|Any CPU.ActiveCfg = Debug|Any CPU
		{668c323f-6baf-e159-ba39-837b0f87ff5a}.Debug|Any CPU.Build.0 = Debug|Any CPU
		{5c699367-db48-206f-9091-52f81950b364}.Debug|Any CPU.ActiveCfg = Debug|Any CPU
		{5c699367-db48-206f-9091-52f81950b364}.Debug|Any CPU.Build.0 = Debug|Any CPU
		{cc96a465-1132-29ef-225c-5e3d930cebd1}.Debug|Any CPU.ActiveCfg = Debug|Any CPU
		{cc96a465-1132-29ef-225c-5e3d930cebd1}.Debug|Any CPU.Build.0 = Debug|Any CPU
		{1a2b7537-0a7f-d3b1-d511-d8839ad3e1be}.Debug|Any CPU.ActiveCfg = Debug|Any CPU
		{1a2b7537-0a7f-d3b1-d511-d8839ad3e1be}.Debug|Any CPU.Build.0 = Debug|Any CPU
		{baf416b9-856e-9c29-0df2-f60af9c8c5af}.Debug|Any CPU.ActiveCfg = Debug|Any CPU
		{baf416b9-856e-9c29-0df2-f60af9c8c5af}.Debug|Any CPU.Build.0 = Debug|Any CPU
		{f21597ce-59cf-6199-3e5b-0c21cc5be842}.Debug|Any CPU.ActiveCfg = Debug|Any CPU
		{f21597ce-59cf-6199-3e5b-0c21cc5be842}.Debug|Any CPU.Build.0 = Debug|Any CPU
		{fec75b33-af51-22f8-910c-ec8025d3b14d}.Debug|Any CPU.ActiveCfg = Debug|Any CPU
		{fec75b33-af51-22f8-910c-ec8025d3b14d}.Debug|Any CPU.Build.0 = Debug|Any CPU
		{6bdeeb56-e408-8095-8383-1bfa1fcbe9f8}.Debug|Any CPU.ActiveCfg = Debug|Any CPU
		{6bdeeb56-e408-8095-8383-1bfa1fcbe9f8}.Debug|Any CPU.Build.0 = Debug|Any CPU
		{dfc29b55-ab15-ebdf-1bf4-934a20906a83}.Debug|Any CPU.ActiveCfg = Debug|Any CPU
		{dfc29b55-ab15-ebdf-1bf4-934a20906a83}.Debug|Any CPU.Build.0 = Debug|Any CPU
		{aea9603d-d0a9-84a7-f896-5ef27e2c36e6}.Debug|Any CPU.ActiveCfg = Debug|Any CPU
		{aea9603d-d0a9-84a7-f896-5ef27e2c36e6}.Debug|Any CPU.Build.0 = Debug|Any CPU
		{2e243c41-d5d5-cb40-5374-171640657178}.Debug|Any CPU.ActiveCfg = Debug|Any CPU
		{2e243c41-d5d5-cb40-5374-171640657178}.Debug|Any CPU.Build.0 = Debug|Any CPU
		{87bdc6b0-fa79-7c1f-9127-0f49d1023a2d}.Debug|Any CPU.ActiveCfg = Debug|Any CPU
		{87bdc6b0-fa79-7c1f-9127-0f49d1023a2d}.Debug|Any CPU.Build.0 = Debug|Any CPU
		{679a3681-4da5-04bb-7e52-71c2f5ec887f}.Debug|Any CPU.ActiveCfg = Debug|Any CPU
		{679a3681-4da5-04bb-7e52-71c2f5ec887f}.Debug|Any CPU.Build.0 = Debug|Any CPU
		{5a1a4efc-e49a-f401-e64d-7ecdc5692d6a}.Debug|Any CPU.ActiveCfg = Debug|Any CPU
		{5a1a4efc-e49a-f401-e64d-7ecdc5692d6a}.Debug|Any CPU.Build.0 = Debug|Any CPU
		{2a179bdd-a692-fe3b-79e5-f3cce4ce8726}.Debug|Any CPU.ActiveCfg = Debug|Any CPU
		{2a179bdd-a692-fe3b-79e5-f3cce4ce8726}.Debug|Any CPU.Build.0 = Debug|Any CPU
		{de806218-e8a6-1719-b1b7-80d386312800}.Debug|Any CPU.ActiveCfg = Debug|Any CPU
		{de806218-e8a6-1719-b1b7-80d386312800}.Debug|Any CPU.Build.0 = Debug|Any CPU
		{54fce2ee-7e3e-adbb-4885-6e065ea8ad5f}.Debug|Any CPU.ActiveCfg = Debug|Any CPU
		{54fce2ee-7e3e-adbb-4885-6e065ea8ad5f}.Debug|Any CPU.Build.0 = Debug|Any CPU
		{39fd78cd-ee62-7932-c446-b9152437fecf}.Debug|Any CPU.ActiveCfg = Debug|Any CPU
		{39fd78cd-ee62-7932-c446-b9152437fecf}.Debug|Any CPU.Build.0 = Debug|Any CPU
		{dc9b55cc-884c-0d0a-fda4-85a1439472da}.Debug|Any CPU.ActiveCfg = Debug|Any CPU
		{dc9b55cc-884c-0d0a-fda4-85a1439472da}.Debug|Any CPU.Build.0 = Debug|Any CPU
		{3f79dc01-6615-0c8a-ab32-8ffb80890496}.Debug|Any CPU.ActiveCfg = Debug|Any CPU
		{3f79dc01-6615-0c8a-ab32-8ffb80890496}.Debug|Any CPU.Build.0 = Debug|Any CPU
		{e4ed3df2-7fc3-55e8-90ad-4855def5393e}.Debug|Any CPU.ActiveCfg = Debug|Any CPU
		{e4ed3df2-7fc3-55e8-90ad-4855def5393e}.Debug|Any CPU.Build.0 = Debug|Any CPU
		{aa78cdce-de64-1043-9210-5a43676db4f6}.Debug|Any CPU.ActiveCfg = Debug|Any CPU
		{aa78cdce-de64-1043-9210-5a43676db4f6}.Debug|Any CPU.Build.0 = Debug|Any CPU
		{34ceb92c-56ea-657b-090d-5fd6c1dad48e}.Debug|Any CPU.ActiveCfg = Debug|Any CPU
		{34ceb92c-56ea-657b-090d-5fd6c1dad48e}.Debug|Any CPU.Build.0 = Debug|Any CPU
		{5cc4b38a-3268-7967-7d52-8d618d5f53f2}.Debug|Any CPU.ActiveCfg = Debug|Any CPU
		{5cc4b38a-3268-7967-7d52-8d618d5f53f2}.Debug|Any CPU.Build.0 = Debug|Any CPU
		{527c333e-8ecf-b626-2e51-3616df0b314e}.Debug|Any CPU.ActiveCfg = Debug|Any CPU
		{527c333e-8ecf-b626-2e51-3616df0b314e}.Debug|Any CPU.Build.0 = Debug|Any CPU
		{bd2e0916-c9e4-3447-2da6-68e1b787b267}.Debug|Any CPU.ActiveCfg = Debug|Any CPU
		{bd2e0916-c9e4-3447-2da6-68e1b787b267}.Debug|Any CPU.Build.0 = Debug|Any CPU
		{c2fd3671-55b5-5777-1686-d8104861bf78}.Debug|Any CPU.ActiveCfg = Debug|Any CPU
		{c2fd3671-55b5-5777-1686-d8104861bf78}.Debug|Any CPU.Build.0 = Debug|Any CPU
		{8f4b0894-c759-250c-608b-b5fe1b134e0a}.Debug|Any CPU.ActiveCfg = Debug|Any CPU
		{8f4b0894-c759-250c-608b-b5fe1b134e0a}.Debug|Any CPU.Build.0 = Debug|Any CPU
		{4b4ad54e-28e2-1982-a150-bf77c408c33b}.Debug|Any CPU.ActiveCfg = Debug|Any CPU
		{4b4ad54e-28e2-1982-a150-bf77c408c33b}.Debug|Any CPU.Build.0 = Debug|Any CPU
		{a4a3d390-02f1-f929-7c5a-5a6a9832311b}.Debug|Any CPU.ActiveCfg = Debug|Any CPU
		{a4a3d390-02f1-f929-7c5a-5a6a9832311b}.Debug|Any CPU.Build.0 = Debug|Any CPU
		{ed234327-48c1-a763-5aa0-50601e4f32d6}.Debug|Any CPU.ActiveCfg = Debug|Any CPU
		{ed234327-48c1-a763-5aa0-50601e4f32d6}.Debug|Any CPU.Build.0 = Debug|Any CPU
		{e8b9b4b7-426f-888d-6cba-1624c05706c5}.Debug|Any CPU.ActiveCfg = Debug|Any CPU
		{e8b9b4b7-426f-888d-6cba-1624c05706c5}.Debug|Any CPU.Build.0 = Debug|Any CPU
		{791dc1cd-2789-19d9-331f-e1a4ccaa94eb}.Debug|Any CPU.ActiveCfg = Debug|Any CPU
		{791dc1cd-2789-19d9-331f-e1a4ccaa94eb}.Debug|Any CPU.Build.0 = Debug|Any CPU
		{7d5c1794-944f-1d33-3336-8904c7e9992b}.Debug|Any CPU.ActiveCfg = Debug|Any CPU
		{7d5c1794-944f-1d33-3336-8904c7e9992b}.Debug|Any CPU.Build.0 = Debug|Any CPU
		{bfa55543-5af2-3a93-891d-39192793f4b9}.Debug|Any CPU.ActiveCfg = Debug|Any CPU
		{bfa55543-5af2-3a93-891d-39192793f4b9}.Debug|Any CPU.Build.0 = Debug|Any CPU
		{6e8faee4-487b-b685-d0df-67e0517bda19}.Debug|Any CPU.ActiveCfg = Debug|Any CPU
		{6e8faee4-487b-b685-d0df-67e0517bda19}.Debug|Any CPU.Build.0 = Debug|Any CPU
		{172af031-0031-cfef-db93-1c59445d0a50}.Debug|Any CPU.ActiveCfg = Debug|Any CPU
		{172af031-0031-cfef-db93-1c59445d0a50}.Debug|Any CPU.Build.0 = Debug|Any CPU
		{73b645e3-d2e6-8401-ee8e-b5ecfc4dd28f}.Debug|Any CPU.ActiveCfg = Debug|Any CPU
		{73b645e3-d2e6-8401-ee8e-b5ecfc4dd28f}.Debug|Any CPU.Build.0 = Debug|Any CPU
		{123f49e8-f5b1-859e-45d8-307072b3bcf6}.Debug|Any CPU.ActiveCfg = Debug|Any CPU
		{123f49e8-f5b1-859e-45d8-307072b3bcf6}.Debug|Any CPU.Build.0 = Debug|Any CPU
		{72392b6b-9dcd-fe79-f28d-345e504d945c}.Debug|Any CPU.ActiveCfg = Debug|Any CPU
		{72392b6b-9dcd-fe79-f28d-345e504d945c}.Debug|Any CPU.Build.0 = Debug|Any CPU
		{c3e96e34-1d6a-3c74-5daa-20036e2dffe9}.Debug|Any CPU.ActiveCfg = Debug|Any CPU
		{c3e96e34-1d6a-3c74-5daa-20036e2dffe9}.Debug|Any CPU.Build.0 = Debug|Any CPU
		{232168e3-ecbd-8dc8-cc1c-1f8af0184e6e}.Debug|Any CPU.ActiveCfg = Debug|Any CPU
		{232168e3-ecbd-8dc8-cc1c-1f8af0184e6e}.Debug|Any CPU.Build.0 = Debug|Any CPU
		{19f377c3-c9fd-de97-f489-6a7d8e43ac50}.Debug|Any CPU.ActiveCfg = Debug|Any CPU
		{19f377c3-c9fd-de97-f489-6a7d8e43ac50}.Debug|Any CPU.Build.0 = Debug|Any CPU
		{7a2c8c6a-b502-9251-27ab-2bd27bd8eaab}.Debug|Any CPU.ActiveCfg = Debug|Any CPU
		{7a2c8c6a-b502-9251-27ab-2bd27bd8eaab}.Debug|Any CPU.Build.0 = Debug|Any CPU
		{c554dd5a-1b81-d841-793f-a3f118b257aa}.Debug|Any CPU.ActiveCfg = Debug|Any CPU
		{c554dd5a-1b81-d841-793f-a3f118b257aa}.Debug|Any CPU.Build.0 = Debug|Any CPU
		{848253c1-f1d0-3835-50ee-83c4ccaa329a}.Debug|Any CPU.ActiveCfg = Debug|Any CPU
		{848253c1-f1d0-3835-50ee-83c4ccaa329a}.Debug|Any CPU.Build.0 = Debug|Any CPU
		{3e6538f5-c5fb-cb78-1513-4245f51df0f9}.Debug|Any CPU.ActiveCfg = Debug|Any CPU
		{3e6538f5-c5fb-cb78-1513-4245f51df0f9}.Debug|Any CPU.Build.0 = Debug|Any CPU
		{a3bb74c6-a2c2-139f-f9c0-ccabd1f2355a}.Debug|Any CPU.ActiveCfg = Debug|Any CPU
		{a3bb74c6-a2c2-139f-f9c0-ccabd1f2355a}.Debug|Any CPU.Build.0 = Debug|Any CPU
		{04c06301-a0c9-1e0a-7b5b-558706188057}.Debug|Any CPU.ActiveCfg = Debug|Any CPU
		{04c06301-a0c9-1e0a-7b5b-558706188057}.Debug|Any CPU.Build.0 = Debug|Any CPU
		{7e4a34a1-d50d-5bbe-8db7-83f60ef3d398}.Debug|Any CPU.ActiveCfg = Debug|Any CPU
		{7e4a34a1-d50d-5bbe-8db7-83f60ef3d398}.Debug|Any CPU.Build.0 = Debug|Any CPU
		{bb023de8-a8f1-6206-837d-b0e79d5ac6c1}.Debug|Any CPU.ActiveCfg = Debug|Any CPU
		{bb023de8-a8f1-6206-837d-b0e79d5ac6c1}.Debug|Any CPU.Build.0 = Debug|Any CPU
		{4e9eae5d-9410-eb2d-a8f0-1a559766062d}.Debug|Any CPU.ActiveCfg = Debug|Any CPU
		{4e9eae5d-9410-eb2d-a8f0-1a559766062d}.Debug|Any CPU.Build.0 = Debug|Any CPU
		{7ee0c165-791a-76cd-750c-6696a24bde79}.Debug|Any CPU.ActiveCfg = Debug|Any CPU
		{7ee0c165-791a-76cd-750c-6696a24bde79}.Debug|Any CPU.Build.0 = Debug|Any CPU
		{47b9b7d6-b238-7a4a-7687-88e18dd0578b}.Debug|Any CPU.ActiveCfg = Debug|Any CPU
		{47b9b7d6-b238-7a4a-7687-88e18dd0578b}.Debug|Any CPU.Build.0 = Debug|Any CPU
		{ef4d83b2-0250-cbb2-48d4-73a4169e9fa8}.Debug|Any CPU.ActiveCfg = Debug|Any CPU
		{ef4d83b2-0250-cbb2-48d4-73a4169e9fa8}.Debug|Any CPU.Build.0 = Debug|Any CPU
		{9084e9ec-e79c-c723-0d9a-88648c766929}.Debug|Any CPU.ActiveCfg = Debug|Any CPU
		{9084e9ec-e79c-c723-0d9a-88648c766929}.Debug|Any CPU.Build.0 = Debug|Any CPU
		{839f24e4-0654-a44c-947e-a37c264e8a11}.Debug|Any CPU.ActiveCfg = Debug|Any CPU
		{839f24e4-0654-a44c-947e-a37c264e8a11}.Debug|Any CPU.Build.0 = Debug|Any CPU
		{3bdd5394-4d89-c7fe-3739-faf3357eb007}.Debug|Any CPU.ActiveCfg = Debug|Any CPU
		{3bdd5394-4d89-c7fe-3739-faf3357eb007}.Debug|Any CPU.Build.0 = Debug|Any CPU
		{18d1e4b9-5e04-890b-761e-457e1de12050}.Debug|Any CPU.ActiveCfg = Debug|Any CPU
		{18d1e4b9-5e04-890b-761e-457e1de12050}.Debug|Any CPU.Build.0 = Debug|Any CPU
		{bea77236-915a-dd08-77a5-20d63ae8cdc6}.Debug|Any CPU.ActiveCfg = Debug|Any CPU
		{bea77236-915a-dd08-77a5-20d63ae8cdc6}.Debug|Any CPU.Build.0 = Debug|Any CPU
		{99c2e0f8-8dc4-187a-0207-8e5716930d4c}.Debug|Any CPU.ActiveCfg = Debug|Any CPU
		{99c2e0f8-8dc4-187a-0207-8e5716930d4c}.Debug|Any CPU.Build.0 = Debug|Any CPU
		{eb781bbd-78c5-d1ea-0adc-4e24cec59472}.Debug|Any CPU.ActiveCfg = Debug|Any CPU
		{eb781bbd-78c5-d1ea-0adc-4e24cec59472}.Debug|Any CPU.Build.0 = Debug|Any CPU
		{823d91b0-b001-5069-1f79-a8b081633bee}.Debug|Any CPU.ActiveCfg = Debug|Any CPU
		{823d91b0-b001-5069-1f79-a8b081633bee}.Debug|Any CPU.Build.0 = Debug|Any CPU
		{1d47f74a-c3e2-78fd-c3ee-8a5fc68b685b}.Debug|Any CPU.ActiveCfg = Debug|Any CPU
		{1d47f74a-c3e2-78fd-c3ee-8a5fc68b685b}.Debug|Any CPU.Build.0 = Debug|Any CPU
		{4f60ea2a-5110-5e10-708f-44e7452a2a20}.Debug|Any CPU.ActiveCfg = Debug|Any CPU
		{4f60ea2a-5110-5e10-708f-44e7452a2a20}.Debug|Any CPU.Build.0 = Debug|Any CPU
		{91488916-62f1-6de3-8029-ba2fd40f8a65}.Debug|Any CPU.ActiveCfg = Debug|Any CPU
		{91488916-62f1-6de3-8029-ba2fd40f8a65}.Debug|Any CPU.Build.0 = Debug|Any CPU
		{97e21fed-4d25-b29a-eee8-e1545a994aa1}.Debug|Any CPU.ActiveCfg = Debug|Any CPU
		{97e21fed-4d25-b29a-eee8-e1545a994aa1}.Debug|Any CPU.Build.0 = Debug|Any CPU
		{b8402d08-67cf-9325-6e12-ab19f2590b9a}.Debug|Any CPU.ActiveCfg = Debug|Any CPU
		{b8402d08-67cf-9325-6e12-ab19f2590b9a}.Debug|Any CPU.Build.0 = Debug|Any CPU
		{bc9571ae-2b0a-eec0-b35d-91d8e88548f4}.Debug|Any CPU.ActiveCfg = Debug|Any CPU
		{bc9571ae-2b0a-eec0-b35d-91d8e88548f4}.Debug|Any CPU.Build.0 = Debug|Any CPU
		{c09a5384-2478-72a9-dd01-3e87d18637c8}.Debug|Any CPU.ActiveCfg = Debug|Any CPU
		{c09a5384-2478-72a9-dd01-3e87d18637c8}.Debug|Any CPU.Build.0 = Debug|Any CPU
		{b9e43f24-3dda-e851-4e49-9ad96faf2db0}.Debug|Any CPU.ActiveCfg = Debug|Any CPU
		{b9e43f24-3dda-e851-4e49-9ad96faf2db0}.Debug|Any CPU.Build.0 = Debug|Any CPU
	EndGlobalSection
	GlobalSection(SolutionProperties) = preSolution
		HideSolutionNode = FALSE
	EndGlobalSection
EndGlobal
